<?xml version="1.0" encoding="utf-8"?>
<Project ToolsVersion="4.0" xmlns="http://schemas.microsoft.com/developer/msbuild/2003">
  <ItemGroup>
    <Filter Include="Archivos de origen">
      <UniqueIdentifier>{4FC737F1-C7A5-4376-A066-2A32D752A2FF}</UniqueIdentifier>
      <Extensions>cpp;c;cc;cxx;def;odl;idl;hpj;bat;asm;asmx</Extensions>
    </Filter>
    <Filter Include="Archivos de encabezado">
      <UniqueIdentifier>{93995380-89BD-4b04-88EB-625FBE52EBFB}</UniqueIdentifier>
      <Extensions>h;hh;hpp;hxx;hm;inl;inc;ipp;xsd</Extensions>
    </Filter>
    <Filter Include="Archivos de recursos">
      <UniqueIdentifier>{67DA6AB6-F800-4c08-8B7A-83BB121AAD01}</UniqueIdentifier>
      <Extensions>rc;ico;cur;bmp;dlg;rc2;rct;bin;rgs;gif;jpg;jpeg;jpe;resx;tiff;tif;png;wav;mfcribbon-ms</Extensions>
    </Filter>
    <Filter Include="World">
      <UniqueIdentifier>{334bff1f-9c65-4482-a1b2-b120be88e541}</UniqueIdentifier>
    </Filter>
    <Filter Include="World\tiles">
      <UniqueIdentifier>{034c18e4-9764-4690-af4a-35d0c6eb7571}</UniqueIdentifier>
    </Filter>
    <Filter Include="World\Individuals">
      <UniqueIdentifier>{7f8b0178-f95e-4800-9f2d-996dbf58f529}</UniqueIdentifier>
    </Filter>
    <Filter Include="World\Items">
      <UniqueIdentifier>{0b87f073-7665-4dc0-80a5-42de574200b2}</UniqueIdentifier>
    </Filter>
  </ItemGroup>
  <ItemGroup>
    <ClCompile Include="OLCCodeJam.cpp">
      <Filter>Archivos de origen</Filter>
    </ClCompile>
    <ClCompile Include="World.cpp">
      <Filter>World</Filter>
    </ClCompile>
    <ClCompile Include="BaseTile.cpp">
      <Filter>World\tiles</Filter>
    </ClCompile>
    <ClCompile Include="WorldTile.cpp">
      <Filter>World\tiles</Filter>
    </ClCompile>
    <ClCompile Include="TownTile.cpp">
      <Filter>World\tiles</Filter>
    </ClCompile>
    <ClCompile Include="DungeonTile.cpp">
      <Filter>World\tiles</Filter>
    </ClCompile>
    <ClCompile Include="Player.cpp">
      <Filter>World\Individuals</Filter>
    </ClCompile>
    <ClCompile Include="NPC.cpp">
      <Filter>World\Individuals</Filter>
    </ClCompile>
    <ClCompile Include="Enemy.cpp">
      <Filter>World\Individuals</Filter>
    </ClCompile>
    <ClCompile Include="BaseCharacter.cpp">
      <Filter>World\Individuals</Filter>
    </ClCompile>
    <ClCompile Include="BaseItem.cpp">
      <Filter>Archivos de origen</Filter>
    </ClCompile>
    <ClCompile Include="Weapon.cpp">
      <Filter>Archivos de origen</Filter>
    </ClCompile>
    <ClCompile Include="Armor.cpp">
      <Filter>Archivos de origen</Filter>
    </ClCompile>
    <ClCompile Include="Consumable.cpp">
      <Filter>Archivos de origen</Filter>
    </ClCompile>
  </ItemGroup>
  <ItemGroup>
    <ClInclude Include="World.h">
      <Filter>World</Filter>
    </ClInclude>
    <ClInclude Include="BaseTile.h">
      <Filter>World\tiles</Filter>
    </ClInclude>
    <ClInclude Include="WorldTile.h">
      <Filter>World\tiles</Filter>
    </ClInclude>
    <ClInclude Include="TownTile.h">
      <Filter>World\tiles</Filter>
    </ClInclude>
    <ClInclude Include="DungeonTile.h">
      <Filter>World\tiles</Filter>
    </ClInclude>
    <ClInclude Include="Player.h">
      <Filter>World\Individuals</Filter>
    </ClInclude>
    <ClInclude Include="NPC.h">
      <Filter>World\Individuals</Filter>
    </ClInclude>
    <ClInclude Include="Enemy.h">
      <Filter>World\Individuals</Filter>
    </ClInclude>
    <ClInclude Include="BaseCharacter.h">
      <Filter>World\Individuals</Filter>
    </ClInclude>
    <ClInclude Include="BaseItem.h">
      <Filter>Archivos de encabezado</Filter>
    </ClInclude>
    <ClInclude Include="Weapon.h">
      <Filter>Archivos de encabezado</Filter>
    </ClInclude>
    <ClInclude Include="Armor.h">
      <Filter>Archivos de encabezado</Filter>
    </ClInclude>
    <ClInclude Include="Consumable.h">
      <Filter>Archivos de encabezado</Filter>
    </ClInclude>
  </ItemGroup>
</Project>